
Microsoft Visual Studio Solution File, Format Version 12.00
# Visual Studio Version 16
VisualStudioVersion = 16.0.31424.327
MinimumVisualStudioVersion = 10.0.40219.1
Project("{FAE04EC0-301F-11D3-BF4B-00C04F79EFBC}") = "BlazorViewerServer", "BlazorViewerServer.csproj", "{F5AEE247-9700-40D2-9D77-2AB17A9239F4}"
EndProject
Global
	GlobalSection(SolutionConfigurationPlatforms) = preSolution
		Debug|Any CPU = Debug|Any CPU
		Release|Any CPU = Release|Any CPU
	EndGlobalSection
	GlobalSection(ProjectConfigurationPlatforms) = postSolution
		{F5AEE247-9700-40D2-9D77-2AB17A9239F4}.Debug|Any CPU.ActiveCfg = Debug|Any CPU
		{F5AEE247-9700-40D2-9D77-2AB17A9239F4}.Debug|Any CPU.Build.0 = Debug|Any CPU
		{F5AEE247-9700-40D2-9D77-2AB17A9239F4}.Release|Any CPU.ActiveCfg = Release|Any CPU
		{F5AEE247-9700-40D2-9D77-2AB17A9239F4}.Release|Any CPU.Build.0 = Release|Any CPU
	EndGlobalSection
	GlobalSection(SolutionProperties) = preSolution
		HideSolutionNode = FALSE
	EndGlobalSection
	GlobalSection(ExtensibilityGlobals) = postSolution
		SolutionGuid = {6A4BBD3D-944E-474E-A509-06BEABB698D6}
	EndGlobalSection
EndGlobal
