
Microsoft Visual Studio Solution File, Format Version 12.00
# Visual Studio Version 16
VisualStudioVersion = 16.0.30804.86
MinimumVisualStudioVersion = 10.0.40219.1
Project("{9A19103F-16F7-4668-BE54-9A1E7A4F7556}") = "CORS.Server", "CORS.Server.csproj", "{4C2FFF49-8AED-4B14-92F5-AA1343FB045A}"
EndProject
Global
	GlobalSection(SolutionConfigurationPlatforms) = preSolution
		Debug|Any CPU = Debug|Any CPU
		Release|Any CPU = Release|Any CPU
	EndGlobalSection
	GlobalSection(ProjectConfigurationPlatforms) = postSolution
		{4C2FFF49-8AED-4B14-92F5-AA1343FB045A}.Debug|Any CPU.ActiveCfg = Debug|Any CPU
		{4C2FFF49-8AED-4B14-92F5-AA1343FB045A}.Debug|Any CPU.Build.0 = Debug|Any CPU
		{4C2FFF49-8AED-4B14-92F5-AA1343FB045A}.Release|Any CPU.ActiveCfg = Release|Any CPU
		{4C2FFF49-8AED-4B14-92F5-AA1343FB045A}.Release|Any CPU.Build.0 = Release|Any CPU
	EndGlobalSection
	GlobalSection(SolutionProperties) = preSolution
		HideSolutionNode = FALSE
	EndGlobalSection
	GlobalSection(ExtensibilityGlobals) = postSolution
		SolutionGuid = {DA7FBF96-6ABE-426B-9734-80ED98439EBF}
	EndGlobalSection
EndGlobal
