
Microsoft Visual Studio Solution File, Format Version 12.00
# Visual Studio Version 16
VisualStudioVersion = 16.0.30104.148
MinimumVisualStudioVersion = 10.0.40219.1
Project("{9A19103F-16F7-4668-BE54-9A1E7A4F7556}") = "WebDesigner_Blazor", "WebDesigner_Blazor.csproj", "{619DBC08-7619-482E-BEAF-78BA4A446465}"
EndProject
Global
	GlobalSection(SolutionConfigurationPlatforms) = preSolution
		Debug|Any CPU = Debug|Any CPU
		Release|Any CPU = Release|Any CPU
	EndGlobalSection
	GlobalSection(ProjectConfigurationPlatforms) = postSolution
		{619DBC08-7619-482E-BEAF-78BA4A446465}.Debug|Any CPU.ActiveCfg = Debug|Any CPU
		{619DBC08-7619-482E-BEAF-78BA4A446465}.Debug|Any CPU.Build.0 = Debug|Any CPU
		{619DBC08-7619-482E-BEAF-78BA4A446465}.Release|Any CPU.ActiveCfg = Release|Any CPU
		{619DBC08-7619-482E-BEAF-78BA4A446465}.Release|Any CPU.Build.0 = Release|Any CPU
	EndGlobalSection
	GlobalSection(SolutionProperties) = preSolution
		HideSolutionNode = FALSE
	EndGlobalSection
	GlobalSection(ExtensibilityGlobals) = postSolution
		SolutionGuid = {26D30C17-B91C-42EE-B7C5-AE6F093E3DEB}
	EndGlobalSection
EndGlobal
