
Microsoft Visual Studio Solution File, Format Version 12.00
# Visual Studio Version 16
VisualStudioVersion = 16.0.30804.86
MinimumVisualStudioVersion = 10.0.40219.1
Project("{9A19103F-16F7-4668-BE54-9A1E7A4F7556}") = "WebDesigner_CustomDataProviders", "WebDesigner_CustomDataProviders.csproj", "{906FF06B-2EBC-4761-B2DB-6533CB1A4813}"
EndProject
Global
	GlobalSection(SolutionConfigurationPlatforms) = preSolution
		Debug|Any CPU = Debug|Any CPU
		Release|Any CPU = Release|Any CPU
	EndGlobalSection
	GlobalSection(ProjectConfigurationPlatforms) = postSolution
		{906FF06B-2EBC-4761-B2DB-6533CB1A4813}.Debug|Any CPU.ActiveCfg = Debug|Any CPU
		{906FF06B-2EBC-4761-B2DB-6533CB1A4813}.Debug|Any CPU.Build.0 = Debug|Any CPU
		{906FF06B-2EBC-4761-B2DB-6533CB1A4813}.Release|Any CPU.ActiveCfg = Release|Any CPU
		{906FF06B-2EBC-4761-B2DB-6533CB1A4813}.Release|Any CPU.Build.0 = Release|Any CPU
	EndGlobalSection
	GlobalSection(SolutionProperties) = preSolution
		HideSolutionNode = FALSE
	EndGlobalSection
	GlobalSection(ExtensibilityGlobals) = postSolution
		SolutionGuid = {FBDEA34A-7080-4029-BADC-582CC53AA722}
	EndGlobalSection
EndGlobal
