
Microsoft Visual Studio Solution File, Format Version 12.00
# Visual Studio Version 16
VisualStudioVersion = 16.0.31613.86
MinimumVisualStudioVersion = 10.0.40219.1
Project("{FAE04EC0-301F-11D3-BF4B-00C04F79EFBC}") = "PrintAgent", "PrintAgent.csproj", "{B5C01AED-6F82-4963-A932-F530E7D62395}"
EndProject
Global
	GlobalSection(SolutionConfigurationPlatforms) = preSolution
		Debug|Any CPU = Debug|Any CPU
		Release|Any CPU = Release|Any CPU
	EndGlobalSection
	GlobalSection(ProjectConfigurationPlatforms) = postSolution
		{B5C01AED-6F82-4963-A932-F530E7D62395}.Debug|Any CPU.ActiveCfg = Debug|Any CPU
		{B5C01AED-6F82-4963-A932-F530E7D62395}.Debug|Any CPU.Build.0 = Debug|Any CPU
		{B5C01AED-6F82-4963-A932-F530E7D62395}.Release|Any CPU.ActiveCfg = Release|Any CPU
		{B5C01AED-6F82-4963-A932-F530E7D62395}.Release|Any CPU.Build.0 = Release|Any CPU
	EndGlobalSection
	GlobalSection(SolutionProperties) = preSolution
		HideSolutionNode = FALSE
	EndGlobalSection
	GlobalSection(ExtensibilityGlobals) = postSolution
		SolutionGuid = {C5984E27-6A1C-4299-85D7-F57E6566CC37}
	EndGlobalSection
EndGlobal
